# This file is automatically @generated by Cargo.
# It is not intended for manual editing.
version = 4

[[package]]
name = "libc"
version = "0.2.177"
source = "registry+https://github.com/rust-lang/crates.io-index"
checksum = "2874a2af47a2325c2001a6e6fad9b16a53b802102b528163885171cf92b15976"

[[package]]
name = "memmap2"
version = "0.9.11"
source = "registry+https://github.com/rust-lang/crates.io-index"
checksum = "d1219ed1b7f229ee7104d281dd01d6802fe28bb6e95d292942c4daacdeb798c0"
dependencies = [
 "libc",
]

[[package]]
name = "ntfs-utils"
version = "0.7.3"
dependencies = [
 "libc",
 "slate-ntfs",
 "slate-ntfs-tools",
]

[[package]]
name = "slate-ntfs"
version = "0.7.3"

[[package]]
name = "slate-ntfs-tools"
version = "0.7.3"
dependencies = [
 "libc",
 "memmap2",
 "slate-ntfs",
]
